
Microsoft Visual Studio Solution File, Format Version 12.00
# Visual Studio Version 17
VisualStudioVersion = 17.13.35825.156 d17.13
MinimumVisualStudioVersion = 10.0.40219.1
Project("{FAE04EC0-301F-11D3-BF4B-00C04F79EFBC}") = "LearningApp", "LearningApp\LearningApp.csproj", "{35AECC08-36BE-416F-BB11-45E895CB76C0}"
EndProject
Project("{FAE04EC0-301F-11D3-BF4B-00C04F79EFBC}") = "LearningApp.Domain", "LearningApp.Domain\LearningApp.Domain.csproj", "{61DD3C7F-DAC8-4D88-8879-3610A317F00E}"
EndProject
Project("{FAE04EC0-301F-11D3-BF4B-00C04F79EFBC}") = "LearningApp.Infrastructure", "LearningApp.Infrastructure\LearningApp.Infrastructure.csproj", "{06E26AD5-7CD1-4005-97BD-B6DF8668E267}"
EndProject
Project("{FAE04EC0-301F-11D3-BF4B-00C04F79EFBC}") = "LearningApp.Application", "LearningApp.Application\LearningApp.Application.csproj", "{4BA03A29-FC32-4977-BDB4-148B89136A01}"
EndProject
Project("{FAE04EC0-301F-11D3-BF4B-00C04F79EFBC}") = "LearningApp.Shared", "LearningApp.Shared\LearningApp.Shared.csproj", "{8A59FAEF-F7A7-4E82-AD1A-9F20747ABA90}"
EndProject
Global
	GlobalSection(SolutionConfigurationPlatforms) = preSolution
		Debug|Any CPU = Debug|Any CPU
		Release|Any CPU = Release|Any CPU
	EndGlobalSection
	GlobalSection(ProjectConfigurationPlatforms) = postSolution
		{35AECC08-36BE-416F-BB11-45E895CB76C0}.Debug|Any CPU.ActiveCfg = Debug|Any CPU
		{35AECC08-36BE-416F-BB11-45E895CB76C0}.Debug|Any CPU.Build.0 = Debug|Any CPU
		{35AECC08-36BE-416F-BB11-45E895CB76C0}.Release|Any CPU.ActiveCfg = Release|Any CPU
		{35AECC08-36BE-416F-BB11-45E895CB76C0}.Release|Any CPU.Build.0 = Release|Any CPU
		{61DD3C7F-DAC8-4D88-8879-3610A317F00E}.Debug|Any CPU.ActiveCfg = Debug|Any CPU
		{61DD3C7F-DAC8-4D88-8879-3610A317F00E}.Debug|Any CPU.Build.0 = Debug|Any CPU
		{61DD3C7F-DAC8-4D88-8879-3610A317F00E}.Release|Any CPU.ActiveCfg = Release|Any CPU
		{61DD3C7F-DAC8-4D88-8879-3610A317F00E}.Release|Any CPU.Build.0 = Release|Any CPU
		{06E26AD5-7CD1-4005-97BD-B6DF8668E267}.Debug|Any CPU.ActiveCfg = Debug|Any CPU
		{06E26AD5-7CD1-4005-97BD-B6DF8668E267}.Debug|Any CPU.Build.0 = Debug|Any CPU
		{06E26AD5-7CD1-4005-97BD-B6DF8668E267}.Release|Any CPU.ActiveCfg = Release|Any CPU
		{06E26AD5-7CD1-4005-97BD-B6DF8668E267}.Release|Any CPU.Build.0 = Release|Any CPU
		{4BA03A29-FC32-4977-BDB4-148B89136A01}.Debug|Any CPU.ActiveCfg = Debug|Any CPU
		{4BA03A29-FC32-4977-BDB4-148B89136A01}.Debug|Any CPU.Build.0 = Debug|Any CPU
		{4BA03A29-FC32-4977-BDB4-148B89136A01}.Release|Any CPU.ActiveCfg = Release|Any CPU
		{4BA03A29-FC32-4977-BDB4-148B89136A01}.Release|Any CPU.Build.0 = Release|Any CPU
		{8A59FAEF-F7A7-4E82-AD1A-9F20747ABA90}.Debug|Any CPU.ActiveCfg = Debug|Any CPU
		{8A59FAEF-F7A7-4E82-AD1A-9F20747ABA90}.Debug|Any CPU.Build.0 = Debug|Any CPU
		{8A59FAEF-F7A7-4E82-AD1A-9F20747ABA90}.Release|Any CPU.ActiveCfg = Release|Any CPU
		{8A59FAEF-F7A7-4E82-AD1A-9F20747ABA90}.Release|Any CPU.Build.0 = Release|Any CPU
	EndGlobalSection
	GlobalSection(SolutionProperties) = preSolution
		HideSolutionNode = FALSE
	EndGlobalSection
	GlobalSection(ExtensibilityGlobals) = postSolution
		SolutionGuid = {93B74C82-8360-4EED-B06A-3FE8322F5D50}
	EndGlobalSection
EndGlobal
